
{
  "name": "express-node-ts-boilerplate",
  "version": "1.0.0",
  "lockfileVersion": 1,
  "requires": true,
  "dependencies": {
    "@types/bcrypt": {
      "version": "3.0.0",
      "resolved": "https://registry.npmjs.org/@types/bcrypt/-/bcrypt-3.0.0.tgz",
      "integrity": "sha512-nohgNyv+1ViVcubKBh0+XiNJ3dO8nYu///9aJ4cgSqv70gBL+94SNy/iC2NLzKPT2Zt/QavrOkBVbZRLZmw6NQ=="
    },
    "@types/body-parser": {
      "version": "1.19.0",
      "resolved": "https://registry.npmjs.org/@types/body-parser/-/body-parser-1.19.0.tgz",
      "integrity": "sha512-W98JrE0j2K78swW4ukqMleo8R7h/pFETjM2DQ90MF6XK2i4LO4W3gQ71Lt4w3bfm2EvVSyWHplECvB5sK22yFQ==",
      "requires": {
        "@types/connect": "*",
        "@types/node": "*"
      }
    },
    "@types/bunyan": {
      "version": "1.8.6",
      "resolved": "https://registry.npmjs.org/@types/bunyan/-/bunyan-1.8.6.tgz",
      "integrity": "sha512-YiozPOOsS6bIuz31ilYqR5SlLif4TBWsousN2aCWLi5233nZSX19tFbcQUPdR7xJ8ypPyxkCGNxg0CIV5n9qxQ==",
      "requires": {
        "@types/node": "*"
      }
    },
    "@types/caseless": {
      "version": "0.12.2",
      "resolved": "https://registry.npmjs.org/@types/caseless/-/caseless-0.12.2.tgz",
      "integrity": "sha512-6ckxMjBBD8URvjB6J3NcnuAn5Pkl7t3TizAg+xdlzzQGSPSmBcXf8KoIH0ua/i+tio+ZRUHEXp0HEmvaR4kt0w=="
    },
    "@types/connect": {
      "version": "3.4.33",
      "resolved": "https://registry.npmjs.org/@types/connect/-/connect-3.4.33.tgz",
      "integrity": "sha512-2+FrkXY4zllzTNfJth7jOqEHC+enpLeGslEhpnTAkg21GkRrWV4SsAtqchtT4YS9/nODBU2/ZfsBY2X4J/dX7A==",
      "requires": {
        "@types/node": "*"
      }
    },
    "@types/cors": {
      "version": "2.8.6",
      "resolved": "https://registry.npmjs.org/@types/cors/-/cors-2.8.6.tgz",
      "integrity": "sha512-invOmosX0DqbpA+cE2yoHGUlF/blyf7nB0OGYBBiH27crcVm5NmFaZkLP4Ta1hGaesckCi5lVLlydNJCxkTOSg==",
      "requires": {
        "@types/express": "*"
      }
    },
    "@types/express": {
      "version": "4.17.6",
      "resolved": "https://registry.npmjs.org/@types/express/-/express-4.17.6.tgz",
      "integrity": "sha512-n/mr9tZI83kd4azlPG5y997C/M4DNABK9yErhFM6hKdym4kkmd9j0vtsJyjFIwfRBxtrxZtAfGZCNRIBMFLK5w==",
      "requires": {
        "@types/body-parser": "*",
        "@types/express-serve-static-core": "*",
        "@types/qs": "*",
        "@types/serve-static": "*"
      }
    },
    "@types/express-serve-static-core": {
      "version": "4.17.7",
      "resolved": "https://registry.npmjs.org/@types/express-serve-static-core/-/express-serve-static-core-4.17.7.tgz",
      "integrity": "sha512-EMgTj/DF9qpgLXyc+Btimg+XoH7A2liE8uKul8qSmMTHCeNYzydDKFdsJskDvw42UsesCnhO63dO0Grbj8J4Dw==",
      "requires": {
        "@types/node": "*",
        "@types/qs": "*",
        "@types/range-parser": "*"
      }
    },
    "@types/fs-extra": {
      "version": "8.1.1",
      "resolved": "https://registry.npmjs.org/@types/fs-extra/-/fs-extra-8.1.1.tgz",
      "integrity": "sha512-TcUlBem321DFQzBNuz8p0CLLKp0VvF/XH9E4KHNmgwyp4E3AfgI5cjiIVZWlbfThBop2qxFIh4+LeY6hVWWZ2w==",
      "requires": {
        "@types/node": "*"
      }
    },
    "@types/jsonwebtoken": {
      "version": "8.5.0",
      "resolved": "https://registry.npmjs.org/@types/jsonwebtoken/-/jsonwebtoken-8.5.0.tgz",
      "integrity": "sha512-9bVao7LvyorRGZCw0VmH/dr7Og+NdjYSsKAxB43OQoComFbBgsEpoR9JW6+qSq/ogwVBg8GI2MfAlk4SYI4OLg==",
      "requires": {
        "@types/node": "*"
      }
    },
    "@types/mime": {
      "version": "2.0.2",
      "resolved": "https://registry.npmjs.org/@types/mime/-/mime-2.0.2.tgz",
      "integrity": "sha512-4kPlzbljFcsttWEq6aBW0OZe6BDajAmyvr2xknBG92tejQnvdGtT9+kXSZ580DqpxY9qG2xeQVF9Dq0ymUTo5Q=="
    },
    "@types/morgan": {
      "version": "1.9.0",
      "resolved": "https://registry.npmjs.org/@types/morgan/-/morgan-1.9.0.tgz",
      "integrity": "sha512-warrzirh5dlTMaETytBTKR886pRXwr+SMZD87ZE13gLMR8Pzz69SiYFkvoDaii78qGP1iyBIUYz5GiXyryO//A==",
      "requires": {
        "@types/express": "*"
      }
    },
    "@types/node": {
      "version": "12.11.2",
      "resolved": "https://registry.npmjs.org/@types/node/-/node-12.11.2.tgz",
      "integrity": "sha512-dsfE4BHJkLQW+reOS6b17xhZ/6FB1rB8eRRvO08nn5o+voxf3i74tuyFWNH6djdfgX7Sm5s6LD8t6mJug4dpDw=="
    },
    "@types/nodemailer": {
      "version": "6.4.0",
      "resolved": "https://registry.npmjs.org/@types/nodemailer/-/nodemailer-6.4.0.tgz",
      "integrity": "sha512-KY7bFWB0MahRZvVW4CuW83qcCDny59pJJ0MQ5ifvfcjNwPlIT0vW4uARO4u1gtkYnWdhSvURegecY/tzcukJcA==",
      "requires": {
        "@types/node": "*"
      }
    },
    "@types/qs": {
      "version": "6.9.3",
      "resolved": "https://registry.npmjs.org/@types/qs/-/qs-6.9.3.tgz",
      "integrity": "sha512-7s9EQWupR1fTc2pSMtXRQ9w9gLOcrJn+h7HOXw4evxyvVqMi4f+q7d2tnFe3ng3SNHjtK+0EzGMGFUQX4/AQRA=="
    },
    "@types/range-parser": {
      "version": "1.2.3",
      "resolved": "https://registry.npmjs.org/@types/range-parser/-/range-parser-1.2.3.tgz",
      "integrity": "sha512-ewFXqrQHlFsgc09MK5jP5iR7vumV/BYayNC6PgJO2LPe8vrnNFyjQjSppfEngITi0qvfKtzFvgKymGheFM9UOA=="
    },
    "@types/request": {
      "version": "2.48.5",
      "resolved": "https://registry.npmjs.org/@types/request/-/request-2.48.5.tgz",
      "integrity": "sha512-/LO7xRVnL3DxJ1WkPGDQrp4VTV1reX9RkC85mJ+Qzykj2Bdw+mG15aAfDahc76HtknjzE16SX/Yddn6MxVbmGQ==",
      "requires": {
        "@types/caseless": "*",
        "@types/node": "*",
        "@types/tough-cookie": "*",
        "form-data": "^2.5.0"
      }
    },
    "@types/serve-static": {
      "version": "1.13.4",
      "resolved": "https://registry.npmjs.org/@types/serve-static/-/serve-static-1.13.4.tgz",
      "integrity": "sha512-jTDt0o/YbpNwZbQmE/+2e+lfjJEJJR0I3OFaKQKPWkASkCoW3i6fsUnqudSMcNAfbtmADGu8f4MV4q+GqULmug==",
      "requires": {
        "@types/express-serve-static-core": "*",
        "@types/mime": "*"
      }
    },